
Microsoft Visual Studio Solution File, Format Version 12.00
# Visual Studio Version 16
VisualStudioVersion = 16.0.32002.261
MinimumVisualStudioVersion = 10.0.40219.1
Project("{FAE04EC0-301F-11D3-BF4B-00C04F79EFBC}") = "WebApplication1", "WebApplication1\WebApplication1.csproj", "{5FDB4ACC-6394-4B5C-B001-AE6AC4D9DAD7}"
EndProject
Global
	GlobalSection(SolutionConfigurationPlatforms) = preSolution
		Debug|Any CPU = Debug|Any CPU
		Release|Any CPU = Release|Any CPU
	EndGlobalSection
	GlobalSection(ProjectConfigurationPlatforms) = postSolution
		{5FDB4ACC-6394-4B5C-B001-AE6AC4D9DAD7}.Debug|Any CPU.ActiveCfg = Debug|Any CPU
		{5FDB4ACC-6394-4B5C-B001-AE6AC4D9DAD7}.Debug|Any CPU.Build.0 = Debug|Any CPU
		{5FDB4ACC-6394-4B5C-B001-AE6AC4D9DAD7}.Release|Any CPU.ActiveCfg = Release|Any CPU
		{5FDB4ACC-6394-4B5C-B001-AE6AC4D9DAD7}.Release|Any CPU.Build.0 = Release|Any CPU
	EndGlobalSection
	GlobalSection(SolutionProperties) = preSolution
		HideSolutionNode = FALSE
	EndGlobalSection
	GlobalSection(ExtensibilityGlobals) = postSolution
		SolutionGuid = {A8A0384D-1F34-408F-85C1-E3682B1C9419}
	EndGlobalSection
EndGlobal
